
Microsoft Visual Studio Solution File, Format Version 12.00
# Visual Studio Version 17
VisualStudioVersion = 17.4.33213.308
MinimumVisualStudioVersion = 10.0.40219.1
Project("{FAE04EC0-301F-11D3-BF4B-00C04F79EFBC}") = "WeatherConsole", "WeatherConsole\WeatherConsole.csproj", "{FC941653-9956-4AA8-BE70-F9A1F1E364BD}"
EndProject
Global
	GlobalSection(SolutionConfigurationPlatforms) = preSolution
		Debug|Any CPU = Debug|Any CPU
		Release|Any CPU = Release|Any CPU
	EndGlobalSection
	GlobalSection(ProjectConfigurationPlatforms) = postSolution
		{FC941653-9956-4AA8-BE70-F9A1F1E364BD}.Debug|Any CPU.ActiveCfg = Debug|Any CPU
		{FC941653-9956-4AA8-BE70-F9A1F1E364BD}.Debug|Any CPU.Build.0 = Debug|Any CPU
		{FC941653-9956-4AA8-BE70-F9A1F1E364BD}.Release|Any CPU.ActiveCfg = Release|Any CPU
		{FC941653-9956-4AA8-BE70-F9A1F1E364BD}.Release|Any CPU.Build.0 = Release|Any CPU
	EndGlobalSection
	GlobalSection(SolutionProperties) = preSolution
		HideSolutionNode = FALSE
	EndGlobalSection
	GlobalSection(ExtensibilityGlobals) = postSolution
		SolutionGuid = {CDB0FB60-7AE0-451D-8061-653E4BCFCA98}
	EndGlobalSection
EndGlobal
